# THIS IS AN AUTOGENERATED FILE. DO NOT EDIT THIS FILE DIRECTLY.
# yarn lockfile v1


minimist@~0.0.1:
  version "0.0.10"
  resolved "https://registry.yarnpkg.com/minimist/-/minimist-0.0.10.tgz#de3f98543dbf96082be48ad1a0c7cda836301dcf"
  integrity sha1-3j+YVD2/lggr5IrRoMfNqDYwHc8=

moment@^2.29.1:
  version "2.29.1"
  resolved "https://registry.yarnpkg.com/moment/-/moment-2.29.1.tgz#b2be769fa31940be9eeea6469c075e35006fa3d3"
  integrity sha512-kHmoybcPV8Sqy59DwNDY3Jefr64lK/by/da0ViFcuA4DH0vQg5Q6Ze5VimxkfQNSC+Mls/Kx53s7TjP1RhFEDQ==

node-windows@^1.0.0-beta.6:
  version "1.0.0-beta.6"
  resolved "https://registry.yarnpkg.com/node-windows/-/node-windows-1.0.0-beta.6.tgz#04bf66946760bb8507f1d1326267587b56b8c8b3"
  integrity sha512-Ehig70tF9A9Wns4VMpnsvT7dyat/d2fio6C4g1RAEaAi+piAjN6Wc+/fdSOifl8YCCncVllijv5Q9wdyHvdgeA==
  dependencies:
    optimist "~0.6.0"
    xml "0.0.12"

one-time@0.0.4:
  version "0.0.4"
  resolved "https://registry.yarnpkg.com/one-time/-/one-time-0.0.4.tgz#f8cdf77884826fe4dff93e3a9cc37b1e4480742e"
  integrity sha1-+M33eISCb+Tf+T46nMN7HkSAdC4=

optimist@~0.6.0:
  version "0.6.1"
  resolved "https://registry.yarnpkg.com/optimist/-/optimist-0.6.1.tgz#da3ea74686fa21a19a111c326e90eb15a0196686"
  integrity sha1-2j6nRob6IaGaERwybpDrFaAZZoY=
  dependencies:
    minimist "~0.0.1"
    wordwrap "~0.0.2"

say@^0.16.0:
  version "0.16.0"
  resolved "https://registry.yarnpkg.com/say/-/say-0.16.0.tgz#c9e0cfe9e5b2c9af4098eab4023027e4c0e2e6e0"
  integrity sha512-yEfncNu3I6lcZ6RIrXgE9DqbrEmvV5uQQ8ReM14u/DodlvJYpveqNphO55RLMSj77b06ZKNif/FLmhzQxcuUXg==
  dependencies:
    one-time "0.0.4"

wordwrap@~0.0.2:
  version "0.0.3"
  resolved "https://registry.yarnpkg.com/wordwrap/-/wordwrap-0.0.3.tgz#a3d5da6cd5c0bc0008d37234bbaf1bed63059107"
  integrity sha1-o9XabNXAvAAI03I0u68b7WMFkQc=

xml@0.0.12:
  version "0.0.12"
  resolved "https://registry.yarnpkg.com/xml/-/xml-0.0.12.tgz#f08b347109912be00285785f46f15ad8e50a5f67"
  integrity sha1-8Is0cQmRK+AChXhfRvFa2OUKX2c=
